
Microsoft Visual Studio Solution File, Format Version 12.00
# Visual Studio Version 17
VisualStudioVersion = 17.11.35222.181
MinimumVisualStudioVersion = 10.0.40219.1
Project("{FAE04EC0-301F-11D3-BF4B-00C04F79EFBC}") = "AracKiralamaUygulamasi", "AracKiralamaUygulamasi\AracKiralamaUygulamasi.csproj", "{67B8EE35-4403-45FE-AB07-6C6A90DE6127}"
EndProject
Global
	GlobalSection(SolutionConfigurationPlatforms) = preSolution
		Debug|Any CPU = Debug|Any CPU
		Release|Any CPU = Release|Any CPU
	EndGlobalSection
	GlobalSection(ProjectConfigurationPlatforms) = postSolution
		{67B8EE35-4403-45FE-AB07-6C6A90DE6127}.Debug|Any CPU.ActiveCfg = Debug|Any CPU
		{67B8EE35-4403-45FE-AB07-6C6A90DE6127}.Debug|Any CPU.Build.0 = Debug|Any CPU
		{67B8EE35-4403-45FE-AB07-6C6A90DE6127}.Release|Any CPU.ActiveCfg = Release|Any CPU
		{67B8EE35-4403-45FE-AB07-6C6A90DE6127}.Release|Any CPU.Build.0 = Release|Any CPU
	EndGlobalSection
	GlobalSection(SolutionProperties) = preSolution
		HideSolutionNode = FALSE
	EndGlobalSection
	GlobalSection(ExtensibilityGlobals) = postSolution
		SolutionGuid = {F65640C5-FAF3-4B77-9A29-0C297203F2F4}
	EndGlobalSection
EndGlobal
